
Microsoft Visual Studio Solution File, Format Version 12.00
# Visual Studio 15
VisualStudioVersion = 15.0.27130.2027
MinimumVisualStudioVersion = 10.0.40219.1
Project("{9A19103F-16F7-4668-BE54-9A1E7A4F7556}") = "ModuloExtensions", "..\ModuloExtensions\ModuloExtensions\ModuloExtensions.csproj", "{C189D234-5825-4450-97C3-99D75A1F8542}"
EndProject
Project("{9A19103F-16F7-4668-BE54-9A1E7A4F7556}") = "ElipticCurves", "ElipticCurves\ElipticCurves.csproj", "{93B9FEA0-46DA-4237-9CB6-00B065EB2063}"
EndProject
Project("{FAE04EC0-301F-11D3-BF4B-00C04F79EFBC}") = "Eliptic crypto test", "Eliptic crypto test\Eliptic crypto test.csproj", "{B405AC4D-079D-4341-9D88-71B8BBB92B59}"
EndProject
Project("{FAE04EC0-301F-11D3-BF4B-00C04F79EFBC}") = "ElipticCryptoTest", "ElipticCryptoTest\ElipticCryptoTest.csproj", "{A0F7353A-B565-4859-8D58-A7FB58CEA583}"
EndProject
Global
	GlobalSection(SolutionConfigurationPlatforms) = preSolution
		Debug|Any CPU = Debug|Any CPU
		Release|Any CPU = Release|Any CPU
	EndGlobalSection
	GlobalSection(ProjectConfigurationPlatforms) = postSolution
		{C189D234-5825-4450-97C3-99D75A1F8542}.Debug|Any CPU.ActiveCfg = Debug|Any CPU
		{C189D234-5825-4450-97C3-99D75A1F8542}.Debug|Any CPU.Build.0 = Debug|Any CPU
		{C189D234-5825-4450-97C3-99D75A1F8542}.Release|Any CPU.ActiveCfg = Release|Any CPU
		{C189D234-5825-4450-97C3-99D75A1F8542}.Release|Any CPU.Build.0 = Release|Any CPU
		{93B9FEA0-46DA-4237-9CB6-00B065EB2063}.Debug|Any CPU.ActiveCfg = Debug|Any CPU
		{93B9FEA0-46DA-4237-9CB6-00B065EB2063}.Debug|Any CPU.Build.0 = Debug|Any CPU
		{93B9FEA0-46DA-4237-9CB6-00B065EB2063}.Release|Any CPU.ActiveCfg = Release|Any CPU
		{93B9FEA0-46DA-4237-9CB6-00B065EB2063}.Release|Any CPU.Build.0 = Release|Any CPU
		{B405AC4D-079D-4341-9D88-71B8BBB92B59}.Debug|Any CPU.ActiveCfg = Debug|Any CPU
		{B405AC4D-079D-4341-9D88-71B8BBB92B59}.Debug|Any CPU.Build.0 = Debug|Any CPU
		{B405AC4D-079D-4341-9D88-71B8BBB92B59}.Release|Any CPU.ActiveCfg = Release|Any CPU
		{B405AC4D-079D-4341-9D88-71B8BBB92B59}.Release|Any CPU.Build.0 = Release|Any CPU
		{A0F7353A-B565-4859-8D58-A7FB58CEA583}.Debug|Any CPU.ActiveCfg = Debug|Any CPU
		{A0F7353A-B565-4859-8D58-A7FB58CEA583}.Debug|Any CPU.Build.0 = Debug|Any CPU
		{A0F7353A-B565-4859-8D58-A7FB58CEA583}.Release|Any CPU.ActiveCfg = Release|Any CPU
		{A0F7353A-B565-4859-8D58-A7FB58CEA583}.Release|Any CPU.Build.0 = Release|Any CPU
	EndGlobalSection
	GlobalSection(SolutionProperties) = preSolution
		HideSolutionNode = FALSE
	EndGlobalSection
	GlobalSection(ExtensibilityGlobals) = postSolution
		SolutionGuid = {241D5A1C-3E09-44D4-8EDB-3DA82248F649}
	EndGlobalSection
EndGlobal
